// !$*UTF8*$!
{
	archiveVersion = 1;
	classes = {
	};
	objectVersion = 48;
	objects = {

/* Begin PBXBuildFile section */
		01A663BEE12E4C59D7B3962F /* Pods_DDSlideJigsaw.framework in Frameworks */ = {isa = PBXBuildFile; fileRef = E61B95D433CCCE904811F31A /* Pods_DDSlideJigsaw.framework */; };
		A653BBD41F91C7DB000FD406 /* SJMainGameScene.swift in Sources */ = {isa = PBXBuildFile; fileRef = A653BBD31F91C7DB000FD406 /* SJMainGameScene.swift */; };
		A6E1F05D1F8D023400C95DA8 /* AppDelegate.swift in Sources */ = {isa = PBXBuildFile; fileRef = A6E1F05C1F8D023400C95DA8 /* AppDelegate.swift */; };
		A6E1F05F1F8D023400C95DA8 /* ViewController.swift in Sources */ = {isa = PBXBuildFile; fileRef = A6E1F05E1F8D023400C95DA8 /* ViewController.swift */; };
		A6E1F0621F8D023400C95DA8 /* Main.storyboard in Resources */ = {isa = PBXBuildFile; fileRef = A6E1F0601F8D023400C95DA8 /* Main.storyboard */; };
		A6E1F0641F8D023400C95DA8 /* Assets.xcassets in Resources */ = {isa = PBXBuildFile; fileRef = A6E1F0631F8D023400C95DA8 /* Assets.xcassets */; };
		A6E1F0671F8D023400C95DA8 /* LaunchScreen.storyboard in Resources */ = {isa = PBXBuildFile; fileRef = A6E1F0651F8D023400C95DA8 /* LaunchScreen.storyboard */; };
		A6E1F0721F8D023400C95DA8 /* DDSlideJigsawTests.swift in Sources */ = {isa = PBXBuildFile; fileRef = A6E1F0711F8D023400C95DA8 /* DDSlideJigsawTests.swift */; };
		A6E1F07D1F8D023400C95DA8 /* DDSlideJigsawUITests.swift in Sources */ = {isa = PBXBuildFile; fileRef = A6E1F07C1F8D023400C95DA8 /* DDSlideJigsawUITests.swift */; };
/* End PBXBuildFile section */

/* Begin PBXContainerItemProxy section */
		A6E1F06E1F8D023400C95DA8 /* PBXContainerItemProxy */ = {
			isa = PBXContainerItemProxy;
			containerPortal = A6E1F0511F8D023400C95DA8 /* Project object */;
			proxyType = 1;
			remoteGlobalIDString = A6E1F0581F8D023400C95DA8;
			remoteInfo = DDSlideJigsaw;
		};
		A6E1F0791F8D023400C95DA8 /* PBXContainerItemProxy */ = {
			isa = PBXContainerItemProxy;
			containerPortal = A6E1F0511F8D023400C95DA8 /* Project object */;
			proxyType = 1;
			remoteGlobalIDString = A6E1F0581F8D023400C95DA8;
			remoteInfo = DDSlideJigsaw;
		};
/* End PBXContainerItemProxy section */

/* Begin PBXFileReference section */
		118FE08B21F0D52433C264C5 /* Pods-DDSlideJigsaw.release.xcconfig */ = {isa = PBXFileReference; includeInIndex = 1; lastKnownFileType = text.xcconfig; name = "Pods-DDSlideJigsaw.release.xcconfig"; path = "Pods/Target Support Files/Pods-DDSlideJigsaw/Pods-DDSlideJigsaw.release.xcconfig"; sourceTree = "<group>"; };
		8BEF280C82E2AD604D1FD58D /* Pods-DDSlideJigsaw.debug.xcconfig */ = {isa = PBXFileReference; includeInIndex = 1; lastKnownFileType = text.xcconfig; name = "Pods-DDSlideJigsaw.debug.xcconfig"; path = "Pods/Target Support Files/Pods-DDSlideJigsaw/Pods-DDSlideJigsaw.debug.xcconfig"; sourceTree = "<group>"; };
		A653BBD31F91C7DB000FD406 /* SJMainGameScene.swift */ = {isa = PBXFileReference; lastKnownFileType = sourcecode.swift; path = SJMainGameScene.swift; sourceTree = "<group>"; };
		A6E1F0591F8D023400C95DA8 /* DDSlideJigsaw.app */ = {isa = PBXFileReference; explicitFileType = wrapper.application; includeInIndex = 0; path = DDSlideJigsaw.app; sourceTree = BUILT_PRODUCTS_DIR; };
		A6E1F05C1F8D023400C95DA8 /* AppDelegate.swift */ = {isa = PBXFileReference; lastKnownFileType = sourcecode.swift; path = AppDelegate.swift; sourceTree = "<group>"; };
		A6E1F05E1F8D023400C95DA8 /* ViewController.swift */ = {isa = PBXFileReference; lastKnownFileType = sourcecode.swift; path = ViewController.swift; sourceTree = "<group>"; };
		A6E1F0611F8D023400C95DA8 /* Base */ = {isa = PBXFileReference; lastKnownFileType = file.storyboard; name = Base; path = Base.lproj/Main.storyboard; sourceTree = "<group>"; };
		A6E1F0631F8D023400C95DA8 /* Assets.xcassets */ = {isa = PBXFileReference; lastKnownFileType = folder.assetcatalog; path = Assets.xcassets; sourceTree = "<group>"; };
		A6E1F0661F8D023400C95DA8 /* Base */ = {isa = PBXFileReference; lastKnownFileType = file.storyboard; name = Base; path = Base.lproj/LaunchScreen.storyboard; sourceTree = "<group>"; };
		A6E1F0681F8D023400C95DA8 /* Info.plist */ = {isa = PBXFileReference; lastKnownFileType = text.plist.xml; path = Info.plist; sourceTree = "<group>"; };
		A6E1F06D1F8D023400C95DA8 /* DDSlideJigsawTests.xctest */ = {isa = PBXFileReference; explicitFileType = wrapper.cfbundle; includeInIndex = 0; path = DDSlideJigsawTests.xctest; sourceTree = BUILT_PRODUCTS_DIR; };
		A6E1F0711F8D023400C95DA8 /* DDSlideJigsawTests.swift */ = {isa = PBXFileReference; lastKnownFileType = sourcecode.swift; path = DDSlideJigsawTests.swift; sourceTree = "<group>"; };
		A6E1F0731F8D023400C95DA8 /* Info.plist */ = {isa = PBXFileReference; lastKnownFileType = text.plist.xml; path = Info.plist; sourceTree = "<group>"; };
		A6E1F0781F8D023400C95DA8 /* DDSlideJigsawUITests.xctest */ = {isa = PBXFileReference; explicitFileType = wrapper.cfbundle; includeInIndex = 0; path = DDSlideJigsawUITests.xctest; sourceTree = BUILT_PRODUCTS_DIR; };
		A6E1F07C1F8D023400C95DA8 /* DDSlideJigsawUITests.swift */ = {isa = PBXFileReference; lastKnownFileType = sourcecode.swift; path = DDSlideJigsawUITests.swift; sourceTree = "<group>"; };
		A6E1F07E1F8D023400C95DA8 /* Info.plist */ = {isa = PBXFileReference; lastKnownFileType = text.plist.xml; path = Info.plist; sourceTree = "<group>"; };
		E61B95D433CCCE904811F31A /* Pods_DDSlideJigsaw.framework */ = {isa = PBXFileReference; explicitFileType = wrapper.framework; includeInIndex = 0; path = Pods_DDSlideJigsaw.framework; sourceTree = BUILT_PRODUCTS_DIR; };
/* End PBXFileReference section */

/* Begin PBXFrameworksBuildPhase section */
		A6E1F0561F8D023400C95DA8 /* Frameworks */ = {
			isa = PBXFrameworksBuildPhase;
			buildActionMask = 2147483647;
			files = (
				01A663BEE12E4C59D7B3962F /* Pods_DDSlideJigsaw.framework in Frameworks */,
			);
			runOnlyForDeploymentPostprocessing = 0;
		};
		A6E1F06A1F8D023400C95DA8 /* Frameworks */ = {
			isa = PBXFrameworksBuildPhase;
			buildActionMask = 2147483647;
			files = (
			);
			runOnlyForDeploymentPostprocessing = 0;
		};
		A6E1F0751F8D023400C95DA8 /* Frameworks */ = {
			isa = PBXFrameworksBuildPhase;
			buildActionMask = 2147483647;
			files = (
			);
			runOnlyForDeploymentPostprocessing = 0;
		};
/* End PBXFrameworksBuildPhase section */

/* Begin PBXGroup section */
		308E02DC4217BF23EE6AB035 /* Frameworks */ = {
			isa = PBXGroup;
			children = (
				E61B95D433CCCE904811F31A /* Pods_DDSlideJigsaw.framework */,
			);
			name = Frameworks;
			sourceTree = "<group>";
		};
		62A82887EA5B60FB20784EDF /* Pods */ = {
			isa = PBXGroup;
			children = (
				8BEF280C82E2AD604D1FD58D /* Pods-DDSlideJigsaw.debug.xcconfig */,
				118FE08B21F0D52433C264C5 /* Pods-DDSlideJigsaw.release.xcconfig */,
			);
			name = Pods;
			sourceTree = "<group>";
		};
		A653BBD21F91C79C000FD406 /* MainGame */ = {
			isa = PBXGroup;
			children = (
				A653BBD31F91C7DB000FD406 /* SJMainGameScene.swift */,
			);
			path = MainGame;
			sourceTree = "<group>";
		};
		A6E1F0501F8D023400C95DA8 = {
			isa = PBXGroup;
			children = (
				A6E1F05B1F8D023400C95DA8 /* DDSlideJigsaw */,
				A6E1F0701F8D023400C95DA8 /* DDSlideJigsawTests */,
				A6E1F07B1F8D023400C95DA8 /* DDSlideJigsawUITests */,
				A6E1F05A1F8D023400C95DA8 /* Products */,
				62A82887EA5B60FB20784EDF /* Pods */,
				308E02DC4217BF23EE6AB035 /* Frameworks */,
			);
			sourceTree = "<group>";
		};
		A6E1F05A1F8D023400C95DA8 /* Products */ = {
			isa = PBXGroup;
			children = (
				A6E1F0591F8D023400C95DA8 /* DDSlideJigsaw.app */,
				A6E1F06D1F8D023400C95DA8 /* DDSlideJigsawTests.xctest */,
				A6E1F0781F8D023400C95DA8 /* DDSlideJigsawUITests.xctest */,
			);
			name = Products;
			sourceTree = "<group>";
		};
		A6E1F05B1F8D023400C95DA8 /* DDSlideJigsaw */ = {
			isa = PBXGroup;
			children = (
				A653BBD21F91C79C000FD406 /* MainGame */,
				A6E1F05C1F8D023400C95DA8 /* AppDelegate.swift */,
				A6E1F05E1F8D023400C95DA8 /* ViewController.swift */,
				A6E1F0601F8D023400C95DA8 /* Main.storyboard */,
				A6E1F0631F8D023400C95DA8 /* Assets.xcassets */,
				A6E1F0651F8D023400C95DA8 /* LaunchScreen.storyboard */,
				A6E1F0681F8D023400C95DA8 /* Info.plist */,
			);
			path = DDSlideJigsaw;
			sourceTree = "<group>";
		};
		A6E1F0701F8D023400C95DA8 /* DDSlideJigsawTests */ = {
			isa = PBXGroup;
			children = (
				A6E1F0711F8D023400C95DA8 /* DDSlideJigsawTests.swift */,
				A6E1F0731F8D023400C95DA8 /* Info.plist */,
			);
			path = DDSlideJigsawTests;
			sourceTree = "<group>";
		};
		A6E1F07B1F8D023400C95DA8 /* DDSlideJigsawUITests */ = {
			isa = PBXGroup;
			children = (
				A6E1F07C1F8D023400C95DA8 /* DDSlideJigsawUITests.swift */,
				A6E1F07E1F8D023400C95DA8 /* Info.plist */,
			);
			path = DDSlideJigsawUITests;
			sourceTree = "<group>";
		};
/* End PBXGroup section */

/* Begin PBXNativeTarget section */
		A6E1F0581F8D023400C95DA8 /* DDSlideJigsaw */ = {
			isa = PBXNativeTarget;
			buildConfigurationList = A6E1F0811F8D023400C95DA8 /* Build configuration list for PBXNativeTarget "DDSlideJigsaw" */;
			buildPhases = (
				EFB99535AA6F908C7B4E6D2D /* [CP] Check Pods Manifest.lock */,
				A6E1F0551F8D023400C95DA8 /* Sources */,
				A6E1F0561F8D023400C95DA8 /* Frameworks */,
				A6E1F0571F8D023400C95DA8 /* Resources */,
				364A229A7AC96A3AA48885E7 /* [CP] Embed Pods Frameworks */,
				15909F780D1902370BA3AFFE /* [CP] Copy Pods Resources */,
			);
			buildRules = (
			);
			dependencies = (
			);
			name = DDSlideJigsaw;
			productName = DDSlideJigsaw;
			productReference = A6E1F0591F8D023400C95DA8 /* DDSlideJigsaw.app */;
			productType = "com.apple.product-type.application";
		};
		A6E1F06C1F8D023400C95DA8 /* DDSlideJigsawTests */ = {
			isa = PBXNativeTarget;
			buildConfigurationList = A6E1F0841F8D023400C95DA8 /* Build configuration list for PBXNativeTarget "DDSlideJigsawTests" */;
			buildPhases = (
				A6E1F0691F8D023400C95DA8 /* Sources */,
				A6E1F06A1F8D023400C95DA8 /* Frameworks */,
				A6E1F06B1F8D023400C95DA8 /* Resources */,
			);
			buildRules = (
			);
			dependencies = (
				A6E1F06F1F8D023400C95DA8 /* PBXTargetDependency */,
			);
			name = DDSlideJigsawTests;
			productName = DDSlideJigsawTests;
			productReference = A6E1F06D1F8D023400C95DA8 /* DDSlideJigsawTests.xctest */;
			productType = "com.apple.product-type.bundle.unit-test";
		};
		A6E1F0771F8D023400C95DA8 /* DDSlideJigsawUITests */ = {
			isa = PBXNativeTarget;
			buildConfigurationList = A6E1F0871F8D023400C95DA8 /* Build configuration list for PBXNativeTarget "DDSlideJigsawUITests" */;
			buildPhases = (
				A6E1F0741F8D023400C95DA8 /* Sources */,
				A6E1F0751F8D023400C95DA8 /* Frameworks */,
				A6E1F0761F8D023400C95DA8 /* Resources */,
			);
			buildRules = (
			);
			dependencies = (
				A6E1F07A1F8D023400C95DA8 /* PBXTargetDependency */,
			);
			name = DDSlideJigsawUITests;
			productName = DDSlideJigsawUITests;
			productReference = A6E1F0781F8D023400C95DA8 /* DDSlideJigsawUITests.xctest */;
			productType = "com.apple.product-type.bundle.ui-testing";
		};
/* End PBXNativeTarget section */

/* Begin PBXProject section */
		A6E1F0511F8D023400C95DA8 /* Project object */ = {
			isa = PBXProject;
			attributes = {
				LastSwiftUpdateCheck = 0900;
				LastUpgradeCheck = 0900;
				ORGANIZATIONNAME = madongdong;
				TargetAttributes = {
					A6E1F0581F8D023400C95DA8 = {
						CreatedOnToolsVersion = 9.0;
						ProvisioningStyle = Automatic;
					};
					A6E1F06C1F8D023400C95DA8 = {
						CreatedOnToolsVersion = 9.0;
						ProvisioningStyle = Automatic;
						TestTargetID = A6E1F0581F8D023400C95DA8;
					};
					A6E1F0771F8D023400C95DA8 = {
						CreatedOnToolsVersion = 9.0;
						ProvisioningStyle = Automatic;
						TestTargetID = A6E1F0581F8D023400C95DA8;
					};
				};
			};
			buildConfigurationList = A6E1F0541F8D023400C95DA8 /* Build configuration list for PBXProject "DDSlideJigsaw" */;
			compatibilityVersion = "Xcode 8.0";
			developmentRegion = en;
			hasScannedForEncodings = 0;
			knownRegions = (
				en,
				Base,
			);
			mainGroup = A6E1F0501F8D023400C95DA8;
			productRefGroup = A6E1F05A1F8D023400C95DA8 /* Products */;
			projectDirPath = "";
			projectRoot = "";
			targets = (
				A6E1F0581F8D023400C95DA8 /* DDSlideJigsaw */,
				A6E1F06C1F8D023400C95DA8 /* DDSlideJigsawTests */,
				A6E1F0771F8D023400C95DA8 /* DDSlideJigsawUITests */,
			);
		};
/* End PBXProject section */

/* Begin PBXResourcesBuildPhase section */
		A6E1F0571F8D023400C95DA8 /* Resources */ = {
			isa = PBXResourcesBuildPhase;
			buildActionMask = 2147483647;
			files = (
				A6E1F0671F8D023400C95DA8 /* LaunchScreen.storyboard in Resources */,
				A6E1F0641F8D023400C95DA8 /* Assets.xcassets in Resources */,
				A6E1F0621F8D023400C95DA8 /* Main.storyboard in Resources */,
			);
			runOnlyForDeploymentPostprocessing = 0;
		};
		A6E1F06B1F8D023400C95DA8 /* Resources */ = {
			isa = PBXResourcesBuildPhase;
			buildActionMask = 2147483647;
			files = (
			);
			runOnlyForDeploymentPostprocessing = 0;
		};
		A6E1F0761F8D023400C95DA8 /* Resources */ = {
			isa = PBXResourcesBuildPhase;
			buildActionMask = 2147483647;
			files = (
			);
			runOnlyForDeploymentPostprocessing = 0;
		};
/* End PBXResourcesBuildPhase section */

/* Begin PBXShellScriptBuildPhase section */
		15909F780D1902370BA3AFFE /* [CP] Copy Pods Resources */ = {
			isa = PBXShellScriptBuildPhase;
			buildActionMask = 2147483647;
			files = (
			);
			inputPaths = (
			);
			name = "[CP] Copy Pods Resources";
			outputPaths = (
			);
			runOnlyForDeploymentPostprocessing = 0;
			shellPath = /bin/sh;
			shellScript = "\"${SRCROOT}/Pods/Target Support Files/Pods-DDSlideJigsaw/Pods-DDSlideJigsaw-resources.sh\"\n";
			showEnvVarsInLog = 0;
		};
		364A229A7AC96A3AA48885E7 /* [CP] Embed Pods Frameworks */ = {
			isa = PBXShellScriptBuildPhase;
			buildActionMask = 2147483647;
			files = (
			);
			inputPaths = (
			);
			name = "[CP] Embed Pods Frameworks";
			outputPaths = (
			);
			runOnlyForDeploymentPostprocessing = 0;
			shellPath = /bin/sh;
			shellScript = "\"${SRCROOT}/Pods/Target Support Files/Pods-DDSlideJigsaw/Pods-DDSlideJigsaw-frameworks.sh\"\n";
			showEnvVarsInLog = 0;
		};
		EFB99535AA6F908C7B4E6D2D /* [CP] Check Pods Manifest.lock */ = {
			isa = PBXShellScriptBuildPhase;
			buildActionMask = 2147483647;
			files = (
			);
			inputPaths = (
			);
			name = "[CP] Check Pods Manifest.lock";
			outputPaths = (
			);
			runOnlyForDeploymentPostprocessing = 0;
			shellPath = /bin/sh;
			shellScript = "diff \"${PODS_ROOT}/../Podfile.lock\" \"${PODS_ROOT}/Manifest.lock\" > /dev/null\nif [ $? != 0 ] ; then\n    # print error to STDERR\n    echo \"error: The sandbox is not in sync with the Podfile.lock. Run 'pod install' or update your CocoaPods installation.\" >&2\n    exit 1\nfi\n";
			showEnvVarsInLog = 0;
		};
/* End PBXShellScriptBuildPhase section */

/* Begin PBXSourcesBuildPhase section */
		A6E1F0551F8D023400C95DA8 /* Sources */ = {
			isa = PBXSourcesBuildPhase;
			buildActionMask = 2147483647;
			files = (
				A6E1F05F1F8D023400C95DA8 /* ViewController.swift in Sources */,
				A653BBD41F91C7DB000FD406 /* SJMainGameScene.swift in Sources */,
				A6E1F05D1F8D023400C95DA8 /* AppDelegate.swift in Sources */,
			);
			runOnlyForDeploymentPostprocessing = 0;
		};
		A6E1F0691F8D023400C95DA8 /* Sources */ = {
			isa = PBXSourcesBuildPhase;
			buildActionMask = 2147483647;
			files = (
				A6E1F0721F8D023400C95DA8 /* DDSlideJigsawTests.swift in Sources */,
			);
			runOnlyForDeploymentPostprocessing = 0;
		};
		A6E1F0741F8D023400C95DA8 /* Sources */ = {
			isa = PBXSourcesBuildPhase;
			buildActionMask = 2147483647;
			files = (
				A6E1F07D1F8D023400C95DA8 /* DDSlideJigsawUITests.swift in Sources */,
			);
			runOnlyForDeploymentPostprocessing = 0;
		};
/* End PBXSourcesBuildPhase section */

/* Begin PBXTargetDependency section */
		A6E1F06F1F8D023400C95DA8 /* PBXTargetDependency */ = {
			isa = PBXTargetDependency;
			target = A6E1F0581F8D023400C95DA8 /* DDSlideJigsaw */;
			targetProxy = A6E1F06E1F8D023400C95DA8 /* PBXContainerItemProxy */;
		};
		A6E1F07A1F8D023400C95DA8 /* PBXTargetDependency */ = {
			isa = PBXTargetDependency;
			target = A6E1F0581F8D023400C95DA8 /* DDSlideJigsaw */;
			targetProxy = A6E1F0791F8D023400C95DA8 /* PBXContainerItemProxy */;
		};
/* End PBXTargetDependency section */

/* Begin PBXVariantGroup section */
		A6E1F0601F8D023400C95DA8 /* Main.storyboard */ = {
			isa = PBXVariantGroup;
			children = (
				A6E1F0611F8D023400C95DA8 /* Base */,
			);
			name = Main.storyboard;
			sourceTree = "<group>";
		};
		A6E1F0651F8D023400C95DA8 /* LaunchScreen.storyboard */ = {
			isa = PBXVariantGroup;
			children = (
				A6E1F0661F8D023400C95DA8 /* Base */,
			);
			name = LaunchScreen.storyboard;
			sourceTree = "<group>";
		};
/* End PBXVariantGroup section */

/* Begin XCBuildConfiguration section */
		A6E1F07F1F8D023400C95DA8 /* Debug */ = {
			isa = XCBuildConfiguration;
			buildSettings = {
				ALWAYS_SEARCH_USER_PATHS = NO;
				CLANG_ANALYZER_NONNULL = YES;
				CLANG_ANALYZER_NUMBER_OBJECT_CONVERSION = YES_AGGRESSIVE;
				CLANG_CXX_LANGUAGE_STANDARD = "gnu++14";
				CLANG_CXX_LIBRARY = "libc++";
				CLANG_ENABLE_MODULES = YES;
				CLANG_ENABLE_OBJC_ARC = YES;
				CLANG_WARN_BLOCK_CAPTURE_AUTORELEASING = YES;
				CLANG_WARN_BOOL_CONVERSION = YES;
				CLANG_WARN_COMMA = YES;
				CLANG_WARN_CONSTANT_CONVERSION = YES;
				CLANG_WARN_DIRECT_OBJC_ISA_USAGE = YES_ERROR;
				CLANG_WARN_DOCUMENTATION_COMMENTS = YES;
				CLANG_WARN_EMPTY_BODY = YES;
				CLANG_WARN_ENUM_CONVERSION = YES;
				CLANG_WARN_INFINITE_RECURSION = YES;
				CLANG_WARN_INT_CONVERSION = YES;
				CLANG_WARN_NON_LITERAL_NULL_CONVERSION = YES;
				CLANG_WARN_OBJC_LITERAL_CONVERSION = YES;
				CLANG_WARN_OBJC_ROOT_CLASS = YES_ERROR;
				CLANG_WARN_RANGE_LOOP_ANALYSIS = YES;
				CLANG_WARN_STRICT_PROTOTYPES = YES;
				CLANG_WARN_SUSPICIOUS_MOVE = YES;
				CLANG_WARN_UNGUARDED_AVAILABILITY = YES_AGGRESSIVE;
				CLANG_WARN_UNREACHABLE_CODE = YES;
				CLANG_WARN__DUPLICATE_METHOD_MATCH = YES;
				CODE_SIGN_IDENTITY = "iPhone Developer";
				COPY_PHASE_STRIP = NO;
				DEBUG_INFORMATION_FORMAT = dwarf;
				ENABLE_STRICT_OBJC_MSGSEND = YES;
				ENABLE_TESTABILITY = YES;
				GCC_C_LANGUAGE_STANDARD = gnu11;
				GCC_DYNAMIC_NO_PIC = NO;
				GCC_NO_COMMON_BLOCKS = YES;
				GCC_OPTIMIZATION_LEVEL = 0;
				GCC_PREPROCESSOR_DEFINITIONS = (
					"DEBUG=1",
					"$(inherited)",
				);
				GCC_WARN_64_TO_32_BIT_CONVERSION = YES;
				GCC_WARN_ABOUT_RETURN_TYPE = YES_ERROR;
				GCC_WARN_UNDECLARED_SELECTOR = YES;
				GCC_WARN_UNINITIALIZED_AUTOS = YES_AGGRESSIVE;
				GCC_WARN_UNUSED_FUNCTION = YES;
				GCC_WARN_UNUSED_VARIABLE = YES;
				IPHONEOS_DEPLOYMENT_TARGET = 11.0;
				MTL_ENABLE_DEBUG_INFO = YES;
				ONLY_ACTIVE_ARCH = YES;
				SDKROOT = iphoneos;
				SWIFT_ACTIVE_COMPILATION_CONDITIONS = DEBUG;
				SWIFT_OPTIMIZATION_LEVEL = "-Onone";
			};
			name = Debug;
		};
		A6E1F0801F8D023400C95DA8 /* Release */ = {
			isa = XCBuildConfiguration;
			buildSettings = {
				ALWAYS_SEARCH_USER_PATHS = NO;
				CLANG_ANALYZER_NONNULL = YES;
				CLANG_ANALYZER_NUMBER_OBJECT_CONVERSION = YES_AGGRESSIVE;
				CLANG_CXX_LANGUAGE_STANDARD = "gnu++14";
				CLANG_CXX_LIBRARY = "libc++";
				CLANG_ENABLE_MODULES = YES;
				CLANG_ENABLE_OBJC_ARC = YES;
				CLANG_WARN_BLOCK_CAPTURE_AUTORELEASING = YES;
				CLANG_WARN_BOOL_CONVERSION = YES;
				CLANG_WARN_COMMA = YES;
				CLANG_WARN_CONSTANT_CONVERSION = YES;
				CLANG_WARN_DIRECT_OBJC_ISA_USAGE = YES_ERROR;
				CLANG_WARN_DOCUMENTATION_COMMENTS = YES;
				CLANG_WARN_EMPTY_BODY = YES;
				CLANG_WARN_ENUM_CONVERSION = YES;
				CLANG_WARN_INFINITE_RECURSION = YES;
				CLANG_WARN_INT_CONVERSION = YES;
				CLANG_WARN_NON_LITERAL_NULL_CONVERSION = YES;
				CLANG_WARN_OBJC_LITERAL_CONVERSION = YES;
				CLANG_WARN_OBJC_ROOT_CLASS = YES_ERROR;
				CLANG_WARN_RANGE_LOOP_ANALYSIS = YES;
				CLANG_WARN_STRICT_PROTOTYPES = YES;
				CLANG_WARN_SUSPICIOUS_MOVE = YES;
				CLANG_WARN_UNGUARDED_AVAILABILITY = YES_AGGRESSIVE;
				CLANG_WARN_UNREACHABLE_CODE = YES;
				CLANG_WARN__DUPLICATE_METHOD_MATCH = YES;
				CODE_SIGN_IDENTITY = "iPhone Developer";
				COPY_PHASE_STRIP = NO;
				DEBUG_INFORMATION_FORMAT = "dwarf-with-dsym";
				ENABLE_NS_ASSERTIONS = NO;
				ENABLE_STRICT_OBJC_MSGSEND = YES;
				GCC_C_LANGUAGE_STANDARD = gnu11;
				GCC_NO_COMMON_BLOCKS = YES;
				GCC_WARN_64_TO_32_BIT_CONVERSION = YES;
				GCC_WARN_ABOUT_RETURN_TYPE = YES_ERROR;
				GCC_WARN_UNDECLARED_SELECTOR = YES;
				GCC_WARN_UNINITIALIZED_AUTOS = YES_AGGRESSIVE;
				GCC_WARN_UNUSED_FUNCTION = YES;
				GCC_WARN_UNUSED_VARIABLE = YES;
				IPHONEOS_DEPLOYMENT_TARGET = 11.0;
				MTL_ENABLE_DEBUG_INFO = NO;
				SDKROOT = iphoneos;
				SWIFT_OPTIMIZATION_LEVEL = "-Owholemodule";
				VALIDATE_PRODUCT = YES;
			};
			name = Release;
		};
		A6E1F0821F8D023400C95DA8 /* Debug */ = {
			isa = XCBuildConfiguration;
			baseConfigurationReference = 8BEF280C82E2AD604D1FD58D /* Pods-DDSlideJigsaw.debug.xcconfig */;
			buildSettings = {
				ASSETCATALOG_COMPILER_APPICON_NAME = AppIcon;
				CODE_SIGN_STYLE = Automatic;
				DEVELOPMENT_TEAM = B64PRKTLQA;
				INFOPLIST_FILE = DDSlideJigsaw/Info.plist;
				LD_RUNPATH_SEARCH_PATHS = "$(inherited) @executable_path/Frameworks";
				PRODUCT_BUNDLE_IDENTIFIER = dongdong.DDSlideJigsaw;
				PRODUCT_NAME = "$(TARGET_NAME)";
				SWIFT_VERSION = 4.0;
				TARGETED_DEVICE_FAMILY = 1;
			};
			name = Debug;
		};
		A6E1F0831F8D023400C95DA8 /* Release */ = {
			isa = XCBuildConfiguration;
			baseConfigurationReference = 118FE08B21F0D52433C264C5 /* Pods-DDSlideJigsaw.release.xcconfig */;
			buildSettings = {
				ASSETCATALOG_COMPILER_APPICON_NAME = AppIcon;
				CODE_SIGN_STYLE = Automatic;
				DEVELOPMENT_TEAM = B64PRKTLQA;
				INFOPLIST_FILE = DDSlideJigsaw/Info.plist;
				LD_RUNPATH_SEARCH_PATHS = "$(inherited) @executable_path/Frameworks";
				PRODUCT_BUNDLE_IDENTIFIER = dongdong.DDSlideJigsaw;
				PRODUCT_NAME = "$(TARGET_NAME)";
				SWIFT_VERSION = 4.0;
				TARGETED_DEVICE_FAMILY = 1;
			};
			name = Release;
		};
		A6E1F0851F8D023400C95DA8 /* Debug */ = {
			isa = XCBuildConfiguration;
			buildSettings = {
				ALWAYS_EMBED_SWIFT_STANDARD_LIBRARIES = YES;
				BUNDLE_LOADER = "$(TEST_HOST)";
				CODE_SIGN_STYLE = Automatic;
				DEVELOPMENT_TEAM = B64PRKTLQA;
				INFOPLIST_FILE = DDSlideJigsawTests/Info.plist;
				LD_RUNPATH_SEARCH_PATHS = "$(inherited) @executable_path/Frameworks @loader_path/Frameworks";
				PRODUCT_BUNDLE_IDENTIFIER = dongdong.DDSlideJigsawTests;
				PRODUCT_NAME = "$(TARGET_NAME)";
				SWIFT_VERSION = 4.0;
				TARGETED_DEVICE_FAMILY = "1,2";
				TEST_HOST = "$(BUILT_PRODUCTS_DIR)/DDSlideJigsaw.app/DDSlideJigsaw";
			};
			name = Debug;
		};
		A6E1F0861F8D023400C95DA8 /* Release */ = {
			isa = XCBuildConfiguration;
			buildSettings = {
				ALWAYS_EMBED_SWIFT_STANDARD_LIBRARIES = YES;
				BUNDLE_LOADER = "$(TEST_HOST)";
				CODE_SIGN_STYLE = Automatic;
				DEVELOPMENT_TEAM = B64PRKTLQA;
				INFOPLIST_FILE = DDSlideJigsawTests/Info.plist;
				LD_RUNPATH_SEARCH_PATHS = "$(inherited) @executable_path/Frameworks @loader_path/Frameworks";
				PRODUCT_BUNDLE_IDENTIFIER = dongdong.DDSlideJigsawTests;
				PRODUCT_NAME = "$(TARGET_NAME)";
				SWIFT_VERSION = 4.0;
				TARGETED_DEVICE_FAMILY = "1,2";
				TEST_HOST = "$(BUILT_PRODUCTS_DIR)/DDSlideJigsaw.app/DDSlideJigsaw";
			};
			name = Release;
		};
		A6E1F0881F8D023400C95DA8 /* Debug */ = {
			isa = XCBuildConfiguration;
			buildSettings = {
				ALWAYS_EMBED_SWIFT_STANDARD_LIBRARIES = YES;
				CODE_SIGN_STYLE = Automatic;
				DEVELOPMENT_TEAM = B64PRKTLQA;
				INFOPLIST_FILE = DDSlideJigsawUITests/Info.plist;
				LD_RUNPATH_SEARCH_PATHS = "$(inherited) @executable_path/Frameworks @loader_path/Frameworks";
				PRODUCT_BUNDLE_IDENTIFIER = dongdong.DDSlideJigsawUITests;
				PRODUCT_NAME = "$(TARGET_NAME)";
				SWIFT_VERSION = 4.0;
				TARGETED_DEVICE_FAMILY = "1,2";
				TEST_TARGET_NAME = DDSlideJigsaw;
			};
			name = Debug;
		};
		A6E1F0891F8D023400C95DA8 /* Release */ = {
			isa = XCBuildConfiguration;
			buildSettings = {
				ALWAYS_EMBED_SWIFT_STANDARD_LIBRARIES = YES;
				CODE_SIGN_STYLE = Automatic;
				DEVELOPMENT_TEAM = B64PRKTLQA;
				INFOPLIST_FILE = DDSlideJigsawUITests/Info.plist;
				LD_RUNPATH_SEARCH_PATHS = "$(inherited) @executable_path/Frameworks @loader_path/Frameworks";
				PRODUCT_BUNDLE_IDENTIFIER = dongdong.DDSlideJigsawUITests;
				PRODUCT_NAME = "$(TARGET_NAME)";
				SWIFT_VERSION = 4.0;
				TARGETED_DEVICE_FAMILY = "1,2";
				TEST_TARGET_NAME = DDSlideJigsaw;
			};
			name = Release;
		};
/* End XCBuildConfiguration section */

/* Begin XCConfigurationList section */
		A6E1F0541F8D023400C95DA8 /* Build configuration list for PBXProject "DDSlideJigsaw" */ = {
			isa = XCConfigurationList;
			buildConfigurations = (
				A6E1F07F1F8D023400C95DA8 /* Debug */,
				A6E1F0801F8D023400C95DA8 /* Release */,
			);
			defaultConfigurationIsVisible = 0;
			defaultConfigurationName = Release;
		};
		A6E1F0811F8D023400C95DA8 /* Build configuration list for PBXNativeTarget "DDSlideJigsaw" */ = {
			isa = XCConfigurationList;
			buildConfigurations = (
				A6E1F0821F8D023400C95DA8 /* Debug */,
				A6E1F0831F8D023400C95DA8 /* Release */,
			);
			defaultConfigurationIsVisible = 0;
			defaultConfigurationName = Release;
		};
		A6E1F0841F8D023400C95DA8 /* Build configuration list for PBXNativeTarget "DDSlideJigsawTests" */ = {
			isa = XCConfigurationList;
			buildConfigurations = (
				A6E1F0851F8D023400C95DA8 /* Debug */,
				A6E1F0861F8D023400C95DA8 /* Release */,
			);
			defaultConfigurationIsVisible = 0;
			defaultConfigurationName = Release;
		};
		A6E1F0871F8D023400C95DA8 /* Build configuration list for PBXNativeTarget "DDSlideJigsawUITests" */ = {
			isa = XCConfigurationList;
			buildConfigurations = (
				A6E1F0881F8D023400C95DA8 /* Debug */,
				A6E1F0891F8D023400C95DA8 /* Release */,
			);
			defaultConfigurationIsVisible = 0;
			defaultConfigurationName = Release;
		};
/* End XCConfigurationList section */
	};
	rootObject = A6E1F0511F8D023400C95DA8 /* Project object */;
}
